
Microsoft Visual Studio Solution File, Format Version 12.00
# Visual Studio Version 17
VisualStudioVersion = 17.4.33403.182
MinimumVisualStudioVersion = 10.0.40219.1
Project("{FAE04EC0-301F-11D3-BF4B-00C04F79EFBC}") = "ExoAPI", "ExoAPI\ExoAPI.csproj", "{7960B2F2-684E-4722-93DE-9B0EC77A7838}"
EndProject
Global
	GlobalSection(SolutionConfigurationPlatforms) = preSolution
		Debug|Any CPU = Debug|Any CPU
		Release|Any CPU = Release|Any CPU
	EndGlobalSection
	GlobalSection(ProjectConfigurationPlatforms) = postSolution
		{7960B2F2-684E-4722-93DE-9B0EC77A7838}.Debug|Any CPU.ActiveCfg = Debug|Any CPU
		{7960B2F2-684E-4722-93DE-9B0EC77A7838}.Debug|Any CPU.Build.0 = Debug|Any CPU
		{7960B2F2-684E-4722-93DE-9B0EC77A7838}.Release|Any CPU.ActiveCfg = Release|Any CPU
		{7960B2F2-684E-4722-93DE-9B0EC77A7838}.Release|Any CPU.Build.0 = Release|Any CPU
	EndGlobalSection
	GlobalSection(SolutionProperties) = preSolution
		HideSolutionNode = FALSE
	EndGlobalSection
	GlobalSection(ExtensibilityGlobals) = postSolution
		SolutionGuid = {2893D6A7-8A74-4E13-A5D3-64495435EBE9}
	EndGlobalSection
EndGlobal
